
Microsoft Visual Studio Solution File, Format Version 12.00
# Visual Studio Version 17
VisualStudioVersion = 17.1.32421.90
MinimumVisualStudioVersion = 10.0.40219.1
Project("{FAE04EC0-301F-11D3-BF4B-00C04F79EFBC}") = "VisualStudioDemo", "VisualStudioDemo.csproj", "{EA613E60-DC87-4141-B250-0D12D4CCD898}"
EndProject
Global
	GlobalSection(SolutionConfigurationPlatforms) = preSolution
		Debug|Any CPU = Debug|Any CPU
		Release|Any CPU = Release|Any CPU
	EndGlobalSection
	GlobalSection(ProjectConfigurationPlatforms) = postSolution
		{EA613E60-DC87-4141-B250-0D12D4CCD898}.Debug|Any CPU.ActiveCfg = Debug|Any CPU
		{EA613E60-DC87-4141-B250-0D12D4CCD898}.Debug|Any CPU.Build.0 = Debug|Any CPU
		{EA613E60-DC87-4141-B250-0D12D4CCD898}.Release|Any CPU.ActiveCfg = Release|Any CPU
		{EA613E60-DC87-4141-B250-0D12D4CCD898}.Release|Any CPU.Build.0 = Release|Any CPU
	EndGlobalSection
	GlobalSection(SolutionProperties) = preSolution
		HideSolutionNode = FALSE
	EndGlobalSection
	GlobalSection(ExtensibilityGlobals) = postSolution
		SolutionGuid = {B9C501BB-5424-49DC-84FE-E35EEBCBC36D}
	EndGlobalSection
EndGlobal
